version = 1
revision = 3
requires-python = ">=3.10, <3.15"

[[package]]
name = "altgraph"
version = "0.17.5"
source = { registry = "https://pypi.org/simple" }
sdist = { url = "https://files.pythonhosted.org/packages/7e/f8/97fdf103f38fed6792a1601dbc16cc8aac56e7459a9fff08c812d8ae177a/altgraph-0.17.5.tar.gz", hash = "sha256:c87b395dd12fabde9c99573a9749d67da8d29ef9de0125c7f536699b4a9bc9e7", size = 48428, upload-time = "2025-11-21T20:35:50.583Z" }
wheels = [
    { url = "https://files.pythonhosted.org/packages/a9/ba/000a1996d4308bc65120167c21241a3b205464a2e0b58deda26ae8ac21d1/altgraph-0.17.5-py2.py3-none-any.whl", hash = "sha256:f3a22400bce1b0c701683820ac4f3b159cd301acab067c51c653e06961600597", size = 21228, upload-time = "2025-11-21T20:35:49.444Z" },
]

[[package]]
name = "bqat"
version = "1.8.7"
source = { editable = "." }

[package.dev-dependencies]
dev = [
    { name = "pyinstaller" },
]

[package.metadata]

[package.metadata.requires-dev]
dev = [{ name = "pyinstaller", specifier = ">=6.18.0" }]

[[package]]
name = "macholib"
version = "1.16.4"
source = { registry = "https://pypi.org/simple" }
dependencies = [
    { name = "altgraph" },
]
sdist = { url = "https://files.pythonhosted.org/packages/10/2f/97589876ea967487978071c9042518d28b958d87b17dceb7cdc1d881f963/macholib-1.16.4.tar.gz", hash = "sha256:f408c93ab2e995cd2c46e34fe328b130404be143469e41bc366c807448979362", size = 59427, upload-time = "2025-11-22T08:28:38.373Z" }
wheels = [
    { url = "https://files.pythonhosted.org/packages/c7/d1/a9f36f8ecdf0fb7c9b1e78c8d7af12b8c8754e74851ac7b94a8305540fc7/macholib-1.16.4-py2.py3-none-any.whl", hash = "sha256:da1a3fa8266e30f0ce7e97c6a54eefaae8edd1e5f86f3eb8b95457cae90265ea", size = 38117, upload-time = "2025-11-22T08:28:36.939Z" },
]

[[package]]
name = "packaging"
version = "26.0"
source = { registry = "https://pypi.org/simple" }
sdist = { url = "https://files.pythonhosted.org/packages/65/ee/299d360cdc32edc7d2cf530f3accf79c4fca01e96ffc950d8a52213bd8e4/packaging-26.0.tar.gz", hash = "sha256:00243ae351a257117b6a241061796684b084ed1c516a08c48a3f7e147a9d80b4", size = 143416, upload-time = "2026-01-21T20:50:39.064Z" }
wheels = [
    { url = "https://files.pythonhosted.org/packages/b7/b9/c538f279a4e237a006a2c98387d081e9eb060d203d8ed34467cc0f0b9b53/packaging-26.0-py3-none-any.whl", hash = "sha256:b36f1fef9334a5588b4166f8bcd26a14e521f2b55e6b9de3aaa80d3ff7a37529", size = 74366, upload-time = "2026-01-21T20:50:37.788Z" },
]

[[package]]
name = "pefile"
version = "2024.8.26"
source = { registry = "https://pypi.org/simple" }
sdist = { url = "https://files.pythonhosted.org/packages/03/4f/2750f7f6f025a1507cd3b7218691671eecfd0bbebebe8b39aa0fe1d360b8/pefile-2024.8.26.tar.gz", hash = "sha256:3ff6c5d8b43e8c37bb6e6dd5085658d658a7a0bdcd20b6a07b1fcfc1c4e9d632", size = 76008, upload-time = "2024-08-26T20:58:38.155Z" }
wheels = [
    { url = "https://files.pythonhosted.org/packages/54/16/12b82f791c7f50ddec566873d5bdd245baa1491bac11d15ffb98aecc8f8b/pefile-2024.8.26-py3-none-any.whl", hash = "sha256:76f8b485dcd3b1bb8166f1128d395fa3d87af26360c2358fb75b80019b957c6f", size = 74766, upload-time = "2024-08-26T21:01:02.632Z" },
]

[[package]]
name = "pyinstaller"
version = "6.18.0"
source = { registry = "https://pypi.org/simple" }
dependencies = [
    { name = "altgraph" },
    { name = "macholib", marker = "sys_platform == 'darwin'" },
    { name = "packaging" },
    { name = "pefile", marker = "sys_platform == 'win32'" },
    { name = "pyinstaller-hooks-contrib" },
    { name = "pywin32-ctypes", marker = "sys_platform == 'win32'" },
    { name = "setuptools" },
]
sdist = { url = "https://files.pythonhosted.org/packages/9f/b8/0fe3359920b0a4e7008e0e93ff383003763e3eee3eb31a07c52868722960/pyinstaller-6.18.0.tar.gz", hash = "sha256:cdc507542783511cad4856fce582fdc37e9f29665ca596889c663c83ec8c6ec9", size = 4034976, upload-time = "2026-01-13T03:13:23.886Z" }
wheels = [
    { url = "https://files.pythonhosted.org/packages/73/e6/51b0146a1a3eec619e58f5d69fb4e3d0f65a31cbddbeef557c9bb83eeed9/pyinstaller-6.18.0-py3-none-macosx_10_13_universal2.whl", hash = "sha256:cb7aa5a71bfa7c0af17a4a4e21855663c89e4bd7c40f1d337c8370636d8847c3", size = 1040056, upload-time = "2026-01-13T03:12:15.397Z" },
    { url = "https://files.pythonhosted.org/packages/4c/9c/a3634c0ec8e1ed31b373b548848b5c0b39b56edc191cf737e697d484ec23/pyinstaller-6.18.0-py3-none-manylinux2014_aarch64.whl", hash = "sha256:07785459b3bf8a48889eac0b4d0667ade84aef8930ce030bc7cbb32f41283b33", size = 734971, upload-time = "2026-01-13T03:12:20.912Z" },
    { url = "https://files.pythonhosted.org/packages/2c/04/6756442078ccfcd552ccce636be1574035e62f827ffa1f5d8a0382682546/pyinstaller-6.18.0-py3-none-manylinux2014_i686.whl", hash = "sha256:f998675b7ccb2dabbb1dc2d6f18af61d55428ad6d38e6c4d700417411b697d37", size = 746637, upload-time = "2026-01-13T03:12:29.302Z" },
    { url = "https://files.pythonhosted.org/packages/54/39/fbc56519000cdbf450f472692a7b9b55d42077ce8529f1be631db7b75a36/pyinstaller-6.18.0-py3-none-manylinux2014_ppc64le.whl", hash = "sha256:779817a0cf69604cddcdb5be1fd4959dc2ce048d6355c73e5da97884df2f3387", size = 744343, upload-time = "2026-01-13T03:12:33.369Z" },
    { url = "https://files.pythonhosted.org/packages/36/f2/50887badf282fee776e83d1e4feab74c026f50a1ea16e109ed939e32aa28/pyinstaller-6.18.0-py3-none-manylinux2014_s390x.whl", hash = "sha256:31b5d109f8405be0b7cddcede43e7b074792bc9a5bbd54ec000a3e779183c2af", size = 741084, upload-time = "2026-01-13T03:12:37.528Z" },
    { url = "https://files.pythonhosted.org/packages/1c/08/3a1419183e4713ef77d912ecbdd6ef858689ed9deb34d547133f724ca745/pyinstaller-6.18.0-py3-none-manylinux2014_x86_64.whl", hash = "sha256:4328c9837f1aef4fe1a127d4ff1b09a12ce53c827ce87c94117628b0e1fd098b", size = 740943, upload-time = "2026-01-13T03:12:41.589Z" },
    { url = "https://files.pythonhosted.org/packages/c2/47/309305e36d116f1434b42d91c420ff951fa79b2c398bbd59930c830450be/pyinstaller-6.18.0-py3-none-musllinux_1_1_aarch64.whl", hash = "sha256:3638fc81eb948e5e5eab1d4ad8f216e3fec6d4a350648304f0adb227b746ee5e", size = 740107, upload-time = "2026-01-13T03:12:45.694Z" },
    { url = "https://files.pythonhosted.org/packages/83/0f/a59a95cd1df59ddbc9e74d5a663387551333bcf19a5dd3086f5c81a2e83c/pyinstaller-6.18.0-py3-none-musllinux_1_1_x86_64.whl", hash = "sha256:8fbe59da34269e637f97fd3c43024f764586fc319141d245ff1a2e9af1036aa3", size = 739843, upload-time = "2026-01-13T03:12:49.728Z" },
    { url = "https://files.pythonhosted.org/packages/9a/09/e7a870e7205cdbd2f8785010a5d3fe48a9df2591156ee34a8b29b774fa14/pyinstaller-6.18.0-py3-none-win32.whl", hash = "sha256:496205e4fa92ec944f9696eb597962a83aef4d4c3479abfab83d730e1edf016b", size = 1323811, upload-time = "2026-01-13T03:12:55.717Z" },
    { url = "https://files.pythonhosted.org/packages/fb/d5/48eef2002b6d3937ceac2717fe17e9ca3a43a4c9826bafee367dfc75ba85/pyinstaller-6.18.0-py3-none-win_amd64.whl", hash = "sha256:976fabd90ecfbda47571c87055ad73413ec615ff7dea35e12a4304174de78de9", size = 1384389, upload-time = "2026-01-13T03:13:01.993Z" },
    { url = "https://files.pythonhosted.org/packages/1b/8d/1a88e6e94107de3ea1c842fd59c3aa132d344ad8e52ea458ffa9a748726e/pyinstaller-6.18.0-py3-none-win_arm64.whl", hash = "sha256:dba4b70e3c9ba09aab51152c72a08e58a751851548f77ad35944d32a300c8381", size = 1324869, upload-time = "2026-01-13T03:13:08.192Z" },
]

[[package]]
name = "pyinstaller-hooks-contrib"
version = "2026.0"
source = { registry = "https://pypi.org/simple" }
dependencies = [
    { name = "packaging" },
    { name = "setuptools" },
]
sdist = { url = "https://files.pythonhosted.org/packages/31/8f/8052ff65067697ee80fde45b9731842e160751c41ac5690ba232c22030e8/pyinstaller_hooks_contrib-2026.0.tar.gz", hash = "sha256:0120893de491a000845470ca9c0b39284731ac6bace26f6849dea9627aaed48e", size = 170311, upload-time = "2026-01-20T00:15:23.922Z" }
wheels = [
    { url = "https://files.pythonhosted.org/packages/d5/b1/9da6ec3e88696018ee7bb9dc4a7310c2cfaebf32923a19598cd342767c10/pyinstaller_hooks_contrib-2026.0-py3-none-any.whl", hash = "sha256:0590db8edeba3e6c30c8474937021f5cd39c0602b4d10f74a064c73911efaca5", size = 452318, upload-time = "2026-01-20T00:15:21.88Z" },
]

[[package]]
name = "pywin32-ctypes"
version = "0.2.3"
source = { registry = "https://pypi.org/simple" }
sdist = { url = "https://files.pythonhosted.org/packages/85/9f/01a1a99704853cb63f253eea009390c88e7131c67e66a0a02099a8c917cb/pywin32-ctypes-0.2.3.tar.gz", hash = "sha256:d162dc04946d704503b2edc4d55f3dba5c1d539ead017afa00142c38b9885755", size = 29471, upload-time = "2024-08-14T10:15:34.626Z" }
wheels = [
    { url = "https://files.pythonhosted.org/packages/de/3d/8161f7711c017e01ac9f008dfddd9410dff3674334c233bde66e7ba65bbf/pywin32_ctypes-0.2.3-py3-none-any.whl", hash = "sha256:8a1513379d709975552d202d942d9837758905c8d01eb82b8bcc30918929e7b8", size = 30756, upload-time = "2024-08-14T10:15:33.187Z" },
]

[[package]]
name = "setuptools"
version = "80.10.2"
source = { registry = "https://pypi.org/simple" }
sdist = { url = "https://files.pythonhosted.org/packages/76/95/faf61eb8363f26aa7e1d762267a8d602a1b26d4f3a1e758e92cb3cb8b054/setuptools-80.10.2.tar.gz", hash = "sha256:8b0e9d10c784bf7d262c4e5ec5d4ec94127ce206e8738f29a437945fbc219b70", size = 1200343, upload-time = "2026-01-25T22:38:17.252Z" }
wheels = [
    { url = "https://files.pythonhosted.org/packages/94/b8/f1f62a5e3c0ad2ff1d189590bfa4c46b4f3b6e49cef6f26c6ee4e575394d/setuptools-80.10.2-py3-none-any.whl", hash = "sha256:95b30ddfb717250edb492926c92b5221f7ef3fbcc2b07579bcd4a27da21d0173", size = 1064234, upload-time = "2026-01-25T22:38:15.216Z" },
]
